
Microsoft Visual Studio Solution File, Format Version 12.00
# Visual Studio Version 17
VisualStudioVersion = 17.6.33815.320
MinimumVisualStudioVersion = 10.0.40219.1
Project("{FAE04EC0-301F-11D3-BF4B-00C04F79EFBC}") = "RainbowScholApi", "RainbowScholApi\RainbowScholApi.csproj", "{65843860-19F0-4198-99CD-7F578A073F0C}"
EndProject
Global
	GlobalSection(SolutionConfigurationPlatforms) = preSolution
		Debug|Any CPU = Debug|Any CPU
		Release|Any CPU = Release|Any CPU
	EndGlobalSection
	GlobalSection(ProjectConfigurationPlatforms) = postSolution
		{65843860-19F0-4198-99CD-7F578A073F0C}.Debug|Any CPU.ActiveCfg = Debug|Any CPU
		{65843860-19F0-4198-99CD-7F578A073F0C}.Debug|Any CPU.Build.0 = Debug|Any CPU
		{65843860-19F0-4198-99CD-7F578A073F0C}.Release|Any CPU.ActiveCfg = Release|Any CPU
		{65843860-19F0-4198-99CD-7F578A073F0C}.Release|Any CPU.Build.0 = Release|Any CPU
	EndGlobalSection
	GlobalSection(SolutionProperties) = preSolution
		HideSolutionNode = FALSE
	EndGlobalSection
	GlobalSection(ExtensibilityGlobals) = postSolution
		SolutionGuid = {55CBAB70-7AF6-4049-BEE2-5CB2632655CF}
	EndGlobalSection
EndGlobal
